
Microsoft Visual Studio Solution File, Format Version 12.00
# Visual Studio 15
VisualStudioVersion = 15.0.26730.3
MinimumVisualStudioVersion = 10.0.40219.1
Project("{FAE04EC0-301F-11D3-BF4B-00C04F79EFBC}") = "ConsoleApp1", "ConsoleApp1\ConsoleApp1.csproj", "{BB773FBE-55D6-470C-B31C-D96DA7854185}"
EndProject
Global
	GlobalSection(SolutionConfigurationPlatforms) = preSolution
		Debug|Any CPU = Debug|Any CPU
		Release|Any CPU = Release|Any CPU
	EndGlobalSection
	GlobalSection(ProjectConfigurationPlatforms) = postSolution
		{BB773FBE-55D6-470C-B31C-D96DA7854185}.Debug|Any CPU.ActiveCfg = Debug|Any CPU
		{BB773FBE-55D6-470C-B31C-D96DA7854185}.Debug|Any CPU.Build.0 = Debug|Any CPU
		{BB773FBE-55D6-470C-B31C-D96DA7854185}.Release|Any CPU.ActiveCfg = Release|Any CPU
		{BB773FBE-55D6-470C-B31C-D96DA7854185}.Release|Any CPU.Build.0 = Release|Any CPU
	EndGlobalSection
	GlobalSection(SolutionProperties) = preSolution
		HideSolutionNode = FALSE
	EndGlobalSection
	GlobalSection(ExtensibilityGlobals) = postSolution
		SolutionGuid = {0CC6B822-765F-4F81-9E1C-0342E7A8FF21}
	EndGlobalSection
EndGlobal
