
Microsoft Visual Studio Solution File, Format Version 12.00
# Visual Studio 15
VisualStudioVersion = 15.0.26730.3
MinimumVisualStudioVersion = 10.0.40219.1
Project("{FAE04EC0-301F-11D3-BF4B-00C04F79EFBC}") = "ConsoleApp4", "ConsoleApp4\ConsoleApp4.csproj", "{417D9F91-2BD0-4CA6-9F48-2AFE7B2F10DD}"
EndProject
Global
	GlobalSection(SolutionConfigurationPlatforms) = preSolution
		Debug|Any CPU = Debug|Any CPU
		Release|Any CPU = Release|Any CPU
	EndGlobalSection
	GlobalSection(ProjectConfigurationPlatforms) = postSolution
		{417D9F91-2BD0-4CA6-9F48-2AFE7B2F10DD}.Debug|Any CPU.ActiveCfg = Debug|Any CPU
		{417D9F91-2BD0-4CA6-9F48-2AFE7B2F10DD}.Debug|Any CPU.Build.0 = Debug|Any CPU
		{417D9F91-2BD0-4CA6-9F48-2AFE7B2F10DD}.Release|Any CPU.ActiveCfg = Release|Any CPU
		{417D9F91-2BD0-4CA6-9F48-2AFE7B2F10DD}.Release|Any CPU.Build.0 = Release|Any CPU
	EndGlobalSection
	GlobalSection(SolutionProperties) = preSolution
		HideSolutionNode = FALSE
	EndGlobalSection
	GlobalSection(ExtensibilityGlobals) = postSolution
		SolutionGuid = {0598DDA3-75F5-421D-8343-55FC9EB67F4E}
	EndGlobalSection
EndGlobal
